
Microsoft Visual Studio Solution File, Format Version 12.00
# Visual Studio 15
VisualStudioVersion = 15.0.28307.168
MinimumVisualStudioVersion = 10.0.40219.1
Project("{FAE04EC0-301F-11D3-BF4B-00C04F79EFBC}") = "GenericConsole.client", "GenericConsole.client\GenericConsole.client.csproj", "{B2A8D67D-1C82-472C-83B1-287E75532C3C}"
EndProject
Project("{FAE04EC0-301F-11D3-BF4B-00C04F79EFBC}") = "GenericConsole.Library", "GenericConsole.Library\GenericConsole.Library.csproj", "{4DDA84B4-4623-48F0-9AE5-FB6CF24A70F0}"
EndProject
Global
	GlobalSection(SolutionConfigurationPlatforms) = preSolution
		Debug|Any CPU = Debug|Any CPU
		Release|Any CPU = Release|Any CPU
	EndGlobalSection
	GlobalSection(ProjectConfigurationPlatforms) = postSolution
		{B2A8D67D-1C82-472C-83B1-287E75532C3C}.Debug|Any CPU.ActiveCfg = Debug|Any CPU
		{B2A8D67D-1C82-472C-83B1-287E75532C3C}.Debug|Any CPU.Build.0 = Debug|Any CPU
		{B2A8D67D-1C82-472C-83B1-287E75532C3C}.Release|Any CPU.ActiveCfg = Release|Any CPU
		{B2A8D67D-1C82-472C-83B1-287E75532C3C}.Release|Any CPU.Build.0 = Release|Any CPU
		{4DDA84B4-4623-48F0-9AE5-FB6CF24A70F0}.Debug|Any CPU.ActiveCfg = Debug|Any CPU
		{4DDA84B4-4623-48F0-9AE5-FB6CF24A70F0}.Debug|Any CPU.Build.0 = Debug|Any CPU
		{4DDA84B4-4623-48F0-9AE5-FB6CF24A70F0}.Release|Any CPU.ActiveCfg = Release|Any CPU
		{4DDA84B4-4623-48F0-9AE5-FB6CF24A70F0}.Release|Any CPU.Build.0 = Release|Any CPU
	EndGlobalSection
	GlobalSection(SolutionProperties) = preSolution
		HideSolutionNode = FALSE
	EndGlobalSection
	GlobalSection(ExtensibilityGlobals) = postSolution
		SolutionGuid = {E3B3128A-6D90-438F-9DFF-0DD6D825DE8A}
	EndGlobalSection
EndGlobal
