
Microsoft Visual Studio Solution File, Format Version 12.00
# Visual Studio 15
VisualStudioVersion = 15.0.28307.168
MinimumVisualStudioVersion = 10.0.40219.1
Project("{FAE04EC0-301F-11D3-BF4B-00C04F79EFBC}") = "VarianceWorld", "VarianceWorld\VarianceWorld.csproj", "{AE37AACE-9929-4A9E-A054-7D671EA67FF2}"
EndProject
Project("{FAE04EC0-301F-11D3-BF4B-00C04F79EFBC}") = "VarianceWorld.Test", "VarianceWorld.Test\VarianceWorld.Test.csproj", "{6EF58C90-3A22-48F4-9410-88C8319327BC}"
EndProject
Project("{FAE04EC0-301F-11D3-BF4B-00C04F79EFBC}") = "Variance.Domain", "Variance.Domain\Variance.Domain.csproj", "{845AFD9B-F8C8-4A05-AAEC-153AB2604346}"
EndProject
Global
	GlobalSection(SolutionConfigurationPlatforms) = preSolution
		Debug|Any CPU = Debug|Any CPU
		Release|Any CPU = Release|Any CPU
	EndGlobalSection
	GlobalSection(ProjectConfigurationPlatforms) = postSolution
		{AE37AACE-9929-4A9E-A054-7D671EA67FF2}.Debug|Any CPU.ActiveCfg = Debug|Any CPU
		{AE37AACE-9929-4A9E-A054-7D671EA67FF2}.Debug|Any CPU.Build.0 = Debug|Any CPU
		{AE37AACE-9929-4A9E-A054-7D671EA67FF2}.Release|Any CPU.ActiveCfg = Release|Any CPU
		{AE37AACE-9929-4A9E-A054-7D671EA67FF2}.Release|Any CPU.Build.0 = Release|Any CPU
		{6EF58C90-3A22-48F4-9410-88C8319327BC}.Debug|Any CPU.ActiveCfg = Debug|Any CPU
		{6EF58C90-3A22-48F4-9410-88C8319327BC}.Debug|Any CPU.Build.0 = Debug|Any CPU
		{6EF58C90-3A22-48F4-9410-88C8319327BC}.Release|Any CPU.ActiveCfg = Release|Any CPU
		{6EF58C90-3A22-48F4-9410-88C8319327BC}.Release|Any CPU.Build.0 = Release|Any CPU
		{845AFD9B-F8C8-4A05-AAEC-153AB2604346}.Debug|Any CPU.ActiveCfg = Debug|Any CPU
		{845AFD9B-F8C8-4A05-AAEC-153AB2604346}.Debug|Any CPU.Build.0 = Debug|Any CPU
		{845AFD9B-F8C8-4A05-AAEC-153AB2604346}.Release|Any CPU.ActiveCfg = Release|Any CPU
		{845AFD9B-F8C8-4A05-AAEC-153AB2604346}.Release|Any CPU.Build.0 = Release|Any CPU
	EndGlobalSection
	GlobalSection(SolutionProperties) = preSolution
		HideSolutionNode = FALSE
	EndGlobalSection
	GlobalSection(ExtensibilityGlobals) = postSolution
		SolutionGuid = {7E963F82-0624-43BE-9840-194233AAA02A}
	EndGlobalSection
EndGlobal
