
Microsoft Visual Studio Solution File, Format Version 12.00
# Visual Studio 15
VisualStudioVersion = 15.0.28307.168
MinimumVisualStudioVersion = 10.0.40219.1
Project("{FAE04EC0-301F-11D3-BF4B-00C04F79EFBC}") = "DelegateWorld.client", "DelegateWorld.client\DelegateWorld.client.csproj", "{5A691682-FCF3-47AA-927F-D320F2F28504}"
EndProject
Project("{FAE04EC0-301F-11D3-BF4B-00C04F79EFBC}") = "DelegateWorld.Domain", "DelegateWorld.Domain\DelegateWorld.Domain.csproj", "{E231393C-85A9-460E-B015-133DAA438172}"
EndProject
Project("{FAE04EC0-301F-11D3-BF4B-00C04F79EFBC}") = "DelegateWorld1.test", "DelegateWorld1.test\DelegateWorld1.test.csproj", "{0B28DDD6-ECE5-4BF6-AF5B-7DDC16138146}"
EndProject
Global
	GlobalSection(SolutionConfigurationPlatforms) = preSolution
		Debug|Any CPU = Debug|Any CPU
		Release|Any CPU = Release|Any CPU
	EndGlobalSection
	GlobalSection(ProjectConfigurationPlatforms) = postSolution
		{5A691682-FCF3-47AA-927F-D320F2F28504}.Debug|Any CPU.ActiveCfg = Debug|Any CPU
		{5A691682-FCF3-47AA-927F-D320F2F28504}.Debug|Any CPU.Build.0 = Debug|Any CPU
		{5A691682-FCF3-47AA-927F-D320F2F28504}.Release|Any CPU.ActiveCfg = Release|Any CPU
		{5A691682-FCF3-47AA-927F-D320F2F28504}.Release|Any CPU.Build.0 = Release|Any CPU
		{E231393C-85A9-460E-B015-133DAA438172}.Debug|Any CPU.ActiveCfg = Debug|Any CPU
		{E231393C-85A9-460E-B015-133DAA438172}.Debug|Any CPU.Build.0 = Debug|Any CPU
		{E231393C-85A9-460E-B015-133DAA438172}.Release|Any CPU.ActiveCfg = Release|Any CPU
		{E231393C-85A9-460E-B015-133DAA438172}.Release|Any CPU.Build.0 = Release|Any CPU
		{0B28DDD6-ECE5-4BF6-AF5B-7DDC16138146}.Debug|Any CPU.ActiveCfg = Debug|Any CPU
		{0B28DDD6-ECE5-4BF6-AF5B-7DDC16138146}.Debug|Any CPU.Build.0 = Debug|Any CPU
		{0B28DDD6-ECE5-4BF6-AF5B-7DDC16138146}.Release|Any CPU.ActiveCfg = Release|Any CPU
		{0B28DDD6-ECE5-4BF6-AF5B-7DDC16138146}.Release|Any CPU.Build.0 = Release|Any CPU
	EndGlobalSection
	GlobalSection(SolutionProperties) = preSolution
		HideSolutionNode = FALSE
	EndGlobalSection
	GlobalSection(ExtensibilityGlobals) = postSolution
		SolutionGuid = {C7BC8ACB-CCCA-456F-8519-5D13924F8086}
	EndGlobalSection
EndGlobal
