
Microsoft Visual Studio Solution File, Format Version 12.00
# Visual Studio 15
VisualStudioVersion = 15.0.28307.168
MinimumVisualStudioVersion = 10.0.40219.1
Project("{FAE04EC0-301F-11D3-BF4B-00C04F79EFBC}") = "ParallelWorld.client", "ParallelWorld.client\ParallelWorld.client.csproj", "{31BB1002-1EF9-4131-8594-931262EF2267}"
EndProject
Project("{FAE04EC0-301F-11D3-BF4B-00C04F79EFBC}") = "ParallelWorld.Domain", "ParallelWorld.Domain\ParallelWorld.Domain.csproj", "{C75191B0-3CC2-44B6-B985-5B179505AE03}"
EndProject
Project("{FAE04EC0-301F-11D3-BF4B-00C04F79EFBC}") = "ParallelWorld.test", "ParallelWorld.test\ParallelWorld.test.csproj", "{0646C277-B18C-4EB2-BC45-5F922EE8B5AB}"
EndProject
Global
	GlobalSection(SolutionConfigurationPlatforms) = preSolution
		Debug|Any CPU = Debug|Any CPU
		Release|Any CPU = Release|Any CPU
	EndGlobalSection
	GlobalSection(ProjectConfigurationPlatforms) = postSolution
		{31BB1002-1EF9-4131-8594-931262EF2267}.Debug|Any CPU.ActiveCfg = Debug|Any CPU
		{31BB1002-1EF9-4131-8594-931262EF2267}.Debug|Any CPU.Build.0 = Debug|Any CPU
		{31BB1002-1EF9-4131-8594-931262EF2267}.Release|Any CPU.ActiveCfg = Release|Any CPU
		{31BB1002-1EF9-4131-8594-931262EF2267}.Release|Any CPU.Build.0 = Release|Any CPU
		{C75191B0-3CC2-44B6-B985-5B179505AE03}.Debug|Any CPU.ActiveCfg = Debug|Any CPU
		{C75191B0-3CC2-44B6-B985-5B179505AE03}.Debug|Any CPU.Build.0 = Debug|Any CPU
		{C75191B0-3CC2-44B6-B985-5B179505AE03}.Release|Any CPU.ActiveCfg = Release|Any CPU
		{C75191B0-3CC2-44B6-B985-5B179505AE03}.Release|Any CPU.Build.0 = Release|Any CPU
		{0646C277-B18C-4EB2-BC45-5F922EE8B5AB}.Debug|Any CPU.ActiveCfg = Debug|Any CPU
		{0646C277-B18C-4EB2-BC45-5F922EE8B5AB}.Debug|Any CPU.Build.0 = Debug|Any CPU
		{0646C277-B18C-4EB2-BC45-5F922EE8B5AB}.Release|Any CPU.ActiveCfg = Release|Any CPU
		{0646C277-B18C-4EB2-BC45-5F922EE8B5AB}.Release|Any CPU.Build.0 = Release|Any CPU
	EndGlobalSection
	GlobalSection(SolutionProperties) = preSolution
		HideSolutionNode = FALSE
	EndGlobalSection
	GlobalSection(ExtensibilityGlobals) = postSolution
		SolutionGuid = {6EFECB02-4E97-4542-8603-4BA299621891}
	EndGlobalSection
EndGlobal
